
Microsoft Visual Studio Solution File, Format Version 12.00
# Visual Studio 15
VisualStudioVersion = 15.0.28307.1300
MinimumVisualStudioVersion = 10.0.40219.1
Project("{FAE04EC0-301F-11D3-BF4B-00C04F79EFBC}") = "WCFService", "WCFService\WCFService.csproj", "{09F65DBE-E15A-4013-A7EC-8A5CA224489F}"
EndProject
Project("{FAE04EC0-301F-11D3-BF4B-00C04F79EFBC}") = "WCFClient", "WCFClient\WCFClient.csproj", "{71DABE91-5CE4-4806-8EA4-BAFB9FC75BEB}"
EndProject
Project("{FAE04EC0-301F-11D3-BF4B-00C04F79EFBC}") = "CertificateManagerService", "CertificateManagerService\CertificateManagerService.csproj", "{DF317808-5BA5-4313-BCFB-E01B402BF691}"
EndProject
Project("{FAE04EC0-301F-11D3-BF4B-00C04F79EFBC}") = "Contracts", "Contracts\Contracts.csproj", "{78F12094-10F0-4DB0-9C38-AF4763E0B472}"
EndProject
Project("{FAE04EC0-301F-11D3-BF4B-00C04F79EFBC}") = "CMSBackup", "CMSBackup\CMSBackup.csproj", "{12CE8CF0-D048-405F-9982-0462B5C01480}"
EndProject
Project("{FAE04EC0-301F-11D3-BF4B-00C04F79EFBC}") = "Cleaner", "Cleaner\Cleaner.csproj", "{5F59F8F5-57DD-43A8-B612-2EC62768DC74}"
EndProject
Global
	GlobalSection(SolutionConfigurationPlatforms) = preSolution
		Debug|Any CPU = Debug|Any CPU
		Release|Any CPU = Release|Any CPU
	EndGlobalSection
	GlobalSection(ProjectConfigurationPlatforms) = postSolution
		{09F65DBE-E15A-4013-A7EC-8A5CA224489F}.Debug|Any CPU.ActiveCfg = Debug|Any CPU
		{09F65DBE-E15A-4013-A7EC-8A5CA224489F}.Debug|Any CPU.Build.0 = Debug|Any CPU
		{09F65DBE-E15A-4013-A7EC-8A5CA224489F}.Release|Any CPU.ActiveCfg = Release|Any CPU
		{09F65DBE-E15A-4013-A7EC-8A5CA224489F}.Release|Any CPU.Build.0 = Release|Any CPU
		{71DABE91-5CE4-4806-8EA4-BAFB9FC75BEB}.Debug|Any CPU.ActiveCfg = Debug|Any CPU
		{71DABE91-5CE4-4806-8EA4-BAFB9FC75BEB}.Debug|Any CPU.Build.0 = Debug|Any CPU
		{71DABE91-5CE4-4806-8EA4-BAFB9FC75BEB}.Release|Any CPU.ActiveCfg = Release|Any CPU
		{71DABE91-5CE4-4806-8EA4-BAFB9FC75BEB}.Release|Any CPU.Build.0 = Release|Any CPU
		{DF317808-5BA5-4313-BCFB-E01B402BF691}.Debug|Any CPU.ActiveCfg = Debug|Any CPU
		{DF317808-5BA5-4313-BCFB-E01B402BF691}.Debug|Any CPU.Build.0 = Debug|Any CPU
		{DF317808-5BA5-4313-BCFB-E01B402BF691}.Release|Any CPU.ActiveCfg = Release|Any CPU
		{DF317808-5BA5-4313-BCFB-E01B402BF691}.Release|Any CPU.Build.0 = Release|Any CPU
		{78F12094-10F0-4DB0-9C38-AF4763E0B472}.Debug|Any CPU.ActiveCfg = Debug|Any CPU
		{78F12094-10F0-4DB0-9C38-AF4763E0B472}.Debug|Any CPU.Build.0 = Debug|Any CPU
		{78F12094-10F0-4DB0-9C38-AF4763E0B472}.Release|Any CPU.ActiveCfg = Release|Any CPU
		{78F12094-10F0-4DB0-9C38-AF4763E0B472}.Release|Any CPU.Build.0 = Release|Any CPU
		{12CE8CF0-D048-405F-9982-0462B5C01480}.Debug|Any CPU.ActiveCfg = Debug|Any CPU
		{12CE8CF0-D048-405F-9982-0462B5C01480}.Debug|Any CPU.Build.0 = Debug|Any CPU
		{12CE8CF0-D048-405F-9982-0462B5C01480}.Release|Any CPU.ActiveCfg = Release|Any CPU
		{12CE8CF0-D048-405F-9982-0462B5C01480}.Release|Any CPU.Build.0 = Release|Any CPU
		{5F59F8F5-57DD-43A8-B612-2EC62768DC74}.Debug|Any CPU.ActiveCfg = Debug|Any CPU
		{5F59F8F5-57DD-43A8-B612-2EC62768DC74}.Debug|Any CPU.Build.0 = Debug|Any CPU
		{5F59F8F5-57DD-43A8-B612-2EC62768DC74}.Release|Any CPU.ActiveCfg = Release|Any CPU
		{5F59F8F5-57DD-43A8-B612-2EC62768DC74}.Release|Any CPU.Build.0 = Release|Any CPU
	EndGlobalSection
	GlobalSection(SolutionProperties) = preSolution
		HideSolutionNode = FALSE
	EndGlobalSection
	GlobalSection(ExtensibilityGlobals) = postSolution
		SolutionGuid = {855E2EAB-7B0A-48B3-BE87-3D5FA40F3E95}
	EndGlobalSection
EndGlobal
